<Solution>
  <Configurations>
    <Platform Name="Any CPU" />
    <Platform Name="x64" />
    <Platform Name="x86" />
  </Configurations>
  <Folder Name="/src/">
    <Project Path="src/WaterFlow.Api/WaterFlow.Api.csproj" />
  </Folder>
  <Folder Name="/tests/">
    <Project Path="tests/WaterFlow.Api.Tests/WaterFlow.Api.Tests.csproj" />
  </Folder>
</Solution>
